{
  "nodes": {
    "home-manager": {
      "inputs": {
        "nixpkgs": [
          "nixpkgs"
        ]
      },
      "locked": {
        "lastModified": 1754593726,
        "narHash": "sha256-bo6aSfDS/GGfM/6LXCKLH/246fDSKjFnBsaRMNE+Wmc=",
        "owner": "nix-community",
        "repo": "home-manager",
        "rev": "5de16c704b0fc8f519b2c19ed3f683a9e68f3884",
        "type": "github"
      },
      "original": {
        "owner": "nix-community",
        "repo": "home-manager",
        "type": "github"
      }
    },
    "kaspersky-nixpkgs": {
      "inputs": {
        "home-manager": [
          "home-manager"
        ],
        "nixpkgs": [
          "nixpkgs"
        ]
      },
      "locked": {
        "lastModified": 1753952481,
        "narHash": "sha256-m0dk1K7ARLlJhgzyjbctVPwc1WMv1i46iSqxvy7ZaaI=",
        "ref": "refs/heads/kos/master",
        "rev": "335e9db8c99926e264ee86467b59b6387ab8f784",
        "revCount": 162,
        "type": "git",
        "url": "file:/home/moskalets/shvedov-nixpkgs-local"
      },
      "original": {
        "type": "git",
        "url": "file:/home/moskalets/shvedov-nixpkgs-local"
      }
    },
    "nixpkgs": {
      "locked": {
        "lastModified": 1754595436,
        "narHash": "sha256-0Z3uTAq4OjeHeLZ2dczV5fZNw50OoMgUzSsCB2mvQUc=",
        "owner": "maxmosk",
        "repo": "nixpkgs",
        "rev": "7357216003bd0ccef0a2223dd0a556066adb5076",
        "type": "github"
      },
      "original": {
        "owner": "maxmosk",
        "ref": "nixos-unstable",
        "repo": "nixpkgs",
        "type": "github"
      }
    },
    "root": {
      "inputs": {
        "home-manager": "home-manager",
        "kaspersky-nixpkgs": "kaspersky-nixpkgs",
        "nixpkgs": "nixpkgs"
      }
    }
  },
  "root": "root",
  "version": 7
}
