{
  "nodes": {
    "home-manager": {
      "inputs": {
        "nixpkgs": [
          "nixpkgs"
        ]
      },
      "locked": {
        "lastModified": 1752093218,
        "narHash": "sha256-+3rXu8ewcNDi65/2mKkdSGrivQs5zEZVp5aYszXC0d0=",
        "owner": "nix-community",
        "repo": "home-manager",
        "rev": "206ed3c71418b52e176f16f58805c96e84555320",
        "type": "github"
      },
      "original": {
        "owner": "nix-community",
        "repo": "home-manager",
        "type": "github"
      }
    },
    "kaspersky-nixpkgs": {
      "inputs": {
        "home-manager": [
          "home-manager"
        ],
        "nixpkgs": [
          "nixpkgs"
        ]
      },
      "locked": {
        "lastModified": 1752134360,
        "narHash": "sha256-Z4Uv4Rd/Ys4uEcl0vPhwHCS7tUan2GbXSjDdjA58u1Y=",
        "ref": "refs/heads/kos/master",
        "rev": "fac86c774252f201fad2653207fa136f2d4251e3",
        "revCount": 161,
        "type": "git",
        "url": "file:/home/moskalets/shvedov-nixpkgs-local"
      },
      "original": {
        "type": "git",
        "url": "file:/home/moskalets/shvedov-nixpkgs-local"
      }
    },
    "nixpkgs": {
      "locked": {
        "lastModified": 1747933650,
        "narHash": "sha256-Zfivxiasoen9kRYraZAq/f9/pB4Jn3x8exvCf3PrMPY=",
        "owner": "maxmosk",
        "repo": "nixpkgs",
        "rev": "cf11a72b6a9dbf070c960e77bd05197a9d1b704c",
        "type": "github"
      },
      "original": {
        "owner": "maxmosk",
        "ref": "nixos-unstable",
        "repo": "nixpkgs",
        "type": "github"
      }
    },
    "root": {
      "inputs": {
        "home-manager": "home-manager",
        "kaspersky-nixpkgs": "kaspersky-nixpkgs",
        "nixpkgs": "nixpkgs"
      }
    }
  },
  "root": "root",
  "version": 7
}
